
Microsoft Visual Studio Solution File, Format Version 12.00
# Visual Studio Version 17
VisualStudioVersion = 17.2.32616.157
MinimumVisualStudioVersion = 10.0.40219.1
Project("{8BC9CEB8-8B4A-11D0-8D11-00A0C91BC942}") = "Assault Cube Trainer", "Assault Cube Trainer\Assault Cube Trainer.vcxproj", "{4E6290E6-26E5-4691-B7EA-3D3EF5D848E6}"
EndProject
Global
	GlobalSection(SolutionConfigurationPlatforms) = preSolution
		Debug|x64 = Debug|x64
		Debug|x86 = Debug|x86
		Release|x64 = Release|x64
		Release|x86 = Release|x86
	EndGlobalSection
	GlobalSection(ProjectConfigurationPlatforms) = postSolution
		{4E6290E6-26E5-4691-B7EA-3D3EF5D848E6}.Debug|x64.ActiveCfg = Debug|x64
		{4E6290E6-26E5-4691-B7EA-3D3EF5D848E6}.Debug|x64.Build.0 = Debug|x64
		{4E6290E6-26E5-4691-B7EA-3D3EF5D848E6}.Debug|x86.ActiveCfg = Debug|Win32
		{4E6290E6-26E5-4691-B7EA-3D3EF5D848E6}.Debug|x86.Build.0 = Debug|Win32
		{4E6290E6-26E5-4691-B7EA-3D3EF5D848E6}.Release|x64.ActiveCfg = Release|x64
		{4E6290E6-26E5-4691-B7EA-3D3EF5D848E6}.Release|x64.Build.0 = Release|x64
		{4E6290E6-26E5-4691-B7EA-3D3EF5D848E6}.Release|x86.ActiveCfg = Release|Win32
		{4E6290E6-26E5-4691-B7EA-3D3EF5D848E6}.Release|x86.Build.0 = Release|Win32
	EndGlobalSection
	GlobalSection(SolutionProperties) = preSolution
		HideSolutionNode = FALSE
	EndGlobalSection
	GlobalSection(ExtensibilityGlobals) = postSolution
		SolutionGuid = {D2DE3DEF-D28D-4568-BB53-D52A453A11F0}
	EndGlobalSection
EndGlobal
